Microsoft Visual Studio Solution File, Format Version 12.00
# Visual Studio 2012
Project("{FAE04EC0-301F-11D3-BF4B-00C04F79EFBC}") = "specklab 2d", "specklab 2d.csproj", "{4A696C61-263C-49DB-A438-EEEEF831DDF8}"
EndProject
Global
	GlobalSection(SolutionConfigurationPlatforms) = preSolution
	Debug|Any CPU = Debug|Any CPU
	ExportDebug|Any CPU = ExportDebug|Any CPU
	ExportRelease|Any CPU = ExportRelease|Any CPU
	EndGlobalSection
	GlobalSection(ProjectConfigurationPlatforms) = postSolution
		{4A696C61-263C-49DB-A438-EEEEF831DDF8}.Debug|Any CPU.ActiveCfg = Debug|Any CPU
		{4A696C61-263C-49DB-A438-EEEEF831DDF8}.Debug|Any CPU.Build.0 = Debug|Any CPU
		{4A696C61-263C-49DB-A438-EEEEF831DDF8}.ExportDebug|Any CPU.ActiveCfg = ExportDebug|Any CPU
		{4A696C61-263C-49DB-A438-EEEEF831DDF8}.ExportDebug|Any CPU.Build.0 = ExportDebug|Any CPU
		{4A696C61-263C-49DB-A438-EEEEF831DDF8}.ExportRelease|Any CPU.ActiveCfg = ExportRelease|Any CPU
		{4A696C61-263C-49DB-A438-EEEEF831DDF8}.ExportRelease|Any CPU.Build.0 = ExportRelease|Any CPU
	EndGlobalSection
EndGlobal
